{
  "pins" : [
    {
      "identity" : "alfredworkflowscriptfilter",
      "kind" : "remoteSourceControl",
      "location" : "git@github.com:godbout/AlfredWorkflowScriptFilter.git",
      "state" : {
        "revision" : "7560c50295d9b934d5a326df39feb16a7e464e68",
        "version" : "1.0.0"
      }
    }
  ],
  "version" : 2
}
